
Microsoft Visual Studio Solution File, Format Version 12.00
# Visual Studio Version 17
VisualStudioVersion = 17.4.33020.496
MinimumVisualStudioVersion = 10.0.40219.1
Project("{FAE04EC0-301F-11D3-BF4B-00C04F79EFBC}") = "Student's Resume", "Student's Resume.csproj", "{CCC97A8A-8BB8-4A54-9132-012BCE44ABB3}"
EndProject
Global
	GlobalSection(SolutionConfigurationPlatforms) = preSolution
		Debug|Any CPU = Debug|Any CPU
		Release|Any CPU = Release|Any CPU
	EndGlobalSection
	GlobalSection(ProjectConfigurationPlatforms) = postSolution
		{CCC97A8A-8BB8-4A54-9132-012BCE44ABB3}.Debug|Any CPU.ActiveCfg = Debug|Any CPU
		{CCC97A8A-8BB8-4A54-9132-012BCE44ABB3}.Debug|Any CPU.Build.0 = Debug|Any CPU
		{CCC97A8A-8BB8-4A54-9132-012BCE44ABB3}.Release|Any CPU.ActiveCfg = Release|Any CPU
		{CCC97A8A-8BB8-4A54-9132-012BCE44ABB3}.Release|Any CPU.Build.0 = Release|Any CPU
	EndGlobalSection
	GlobalSection(SolutionProperties) = preSolution
		HideSolutionNode = FALSE
	EndGlobalSection
	GlobalSection(ExtensibilityGlobals) = postSolution
		SolutionGuid = {F66DDE84-08CD-4E0C-83CF-E60791DF1B1D}
	EndGlobalSection
EndGlobal
